
Microsoft Visual Studio Solution File, Format Version 12.00
# Visual Studio Version 16
VisualStudioVersion = 16.0.34601.136
MinimumVisualStudioVersion = 10.0.40219.1
Project("{FAE04EC0-301F-11D3-BF4B-00C04F79EFBC}") = "4-InterruptoresELampadas", "4-InterruptoresELampadas.csproj", "{A90F2E31-D14C-4224-87AF-0A3DA9B1675E}"
EndProject
Global
	GlobalSection(SolutionConfigurationPlatforms) = preSolution
		Debug|Any CPU = Debug|Any CPU
		Release|Any CPU = Release|Any CPU
	EndGlobalSection
	GlobalSection(ProjectConfigurationPlatforms) = postSolution
		{A90F2E31-D14C-4224-87AF-0A3DA9B1675E}.Debug|Any CPU.ActiveCfg = Debug|Any CPU
		{A90F2E31-D14C-4224-87AF-0A3DA9B1675E}.Debug|Any CPU.Build.0 = Debug|Any CPU
		{A90F2E31-D14C-4224-87AF-0A3DA9B1675E}.Release|Any CPU.ActiveCfg = Release|Any CPU
		{A90F2E31-D14C-4224-87AF-0A3DA9B1675E}.Release|Any CPU.Build.0 = Release|Any CPU
	EndGlobalSection
	GlobalSection(SolutionProperties) = preSolution
		HideSolutionNode = FALSE
	EndGlobalSection
	GlobalSection(ExtensibilityGlobals) = postSolution
		SolutionGuid = {DE9C41C9-C85C-480B-8E79-B87D0F26EBCC}
	EndGlobalSection
EndGlobal
